<?xml version="1.0" encoding="utf-8"?>
<Project ToolsVersion="4.0" xmlns="http://schemas.microsoft.com/developer/msbuild/2003">
  <ItemGroup>
    <Filter Include="Crystal">
      <UniqueIdentifier>{873AF83B-F319-77D7-FC31-02AE6890DD38}</UniqueIdentifier>
    </Filter>
    <Filter Include="Crystal\Core">
      <UniqueIdentifier>{3F0B8E00-2B6E-1DA5-D4F3-555BC035E927}</UniqueIdentifier>
    </Filter>
    <Filter Include="Crystal\Events">
      <UniqueIdentifier>{8BE85F61-77B6-5367-604A-C48D4CB72FCC}</UniqueIdentifier>
    </Filter>
    <Filter Include="Crystal\ImGui">
      <UniqueIdentifier>{F138BA12-5DF9-3549-2634-7FC692B37A25}</UniqueIdentifier>
    </Filter>
    <Filter Include="Crystal\Input">
      <UniqueIdentifier>{C673BB12-3234-3749-FB6E-80C667EE7B25}</UniqueIdentifier>
    </Filter>
    <Filter Include="Crystal\Renderer">
      <UniqueIdentifier>{0D46F72F-F93E-1682-2271-FB060EC9F58D}</UniqueIdentifier>
    </Filter>
    <Filter Include="Platform">
      <UniqueIdentifier>{2AC788B4-1694-E3BF-3FAD-D1672BD9184E}</UniqueIdentifier>
    </Filter>
    <Filter Include="Platform\Vulkan">
      <UniqueIdentifier>{6AE1DE2D-D66C-4CF2-DF7D-CFE64B88A8F2}</UniqueIdentifier>
    </Filter>
    <Filter Include="Platform\Vulkan\ImGui">
      <UniqueIdentifier>{143E69DE-80AA-24D9-499E-BC36B5C94641}</UniqueIdentifier>
    </Filter>
    <Filter Include="Platform\Windows">
      <UniqueIdentifier>{64FBD71A-50F4-F66C-7926-DCF1657ED678}</UniqueIdentifier>
    </Filter>
  </ItemGroup>
  <ItemGroup>
    <ClInclude Include="src\Crystal.h" />
    <ClInclude Include="src\Crystal\Core\Application.h">
      <Filter>Crystal\Core</Filter>
    </ClInclude>
    <ClInclude Include="src\Crystal\Core\Core.h">
      <Filter>Crystal\Core</Filter>
    </ClInclude>
    <ClInclude Include="src\Crystal\Core\EntryPoint.h">
      <Filter>Crystal\Core</Filter>
    </ClInclude>
    <ClInclude Include="src\Crystal\Core\Layer.h">
      <Filter>Crystal\Core</Filter>
    </ClInclude>
    <ClInclude Include="src\Crystal\Core\LayerStack.h">
      <Filter>Crystal\Core</Filter>
    </ClInclude>
    <ClInclude Include="src\Crystal\Core\Log.h">
      <Filter>Crystal\Core</Filter>
    </ClInclude>
    <ClInclude Include="src\Crystal\Core\Window.h">
      <Filter>Crystal\Core</Filter>
    </ClInclude>
    <ClInclude Include="src\Crystal\Events\ApplicationEvent.h">
      <Filter>Crystal\Events</Filter>
    </ClInclude>
    <ClInclude Include="src\Crystal\Events\Event.h">
      <Filter>Crystal\Events</Filter>
    </ClInclude>
    <ClInclude Include="src\Crystal\Events\KeyEvent.h">
      <Filter>Crystal\Events</Filter>
    </ClInclude>
    <ClInclude Include="src\Crystal\Events\MouseEvent.h">
      <Filter>Crystal\Events</Filter>
    </ClInclude>
    <ClInclude Include="src\Crystal\GraphicsContext.h">
      <Filter>Crystal</Filter>
    </ClInclude>
    <ClInclude Include="src\Crystal\ImGui\ImGuiLayer.h">
      <Filter>Crystal\ImGui</Filter>
    </ClInclude>
    <ClInclude Include="src\Crystal\ImGui\ImGuiRenderer.h">
      <Filter>Crystal\ImGui</Filter>
    </ClInclude>
    <ClInclude Include="src\Crystal\Input\Input.h">
      <Filter>Crystal\Input</Filter>
    </ClInclude>
    <ClInclude Include="src\Crystal\Input\KeyCodes.h">
      <Filter>Crystal\Input</Filter>
    </ClInclude>
    <ClInclude Include="src\Crystal\Input\MouseButtonCodes.h">
      <Filter>Crystal\Input</Filter>
    </ClInclude>
    <ClInclude Include="src\Crystal\Renderer\Pipeline.h">
      <Filter>Crystal\Renderer</Filter>
    </ClInclude>
    <ClInclude Include="src\Crystal\Renderer\QueueFlags.h">
      <Filter>Crystal\Renderer</Filter>
    </ClInclude>
    <ClInclude Include="src\Crystal\Renderer\Renderer.h">
      <Filter>Crystal\Renderer</Filter>
    </ClInclude>
    <ClInclude Include="src\Crystal\Renderer\RendererAPI.h">
      <Filter>Crystal\Renderer</Filter>
    </ClInclude>
    <ClInclude Include="src\Crystal\Renderer\Shader.h">
      <Filter>Crystal\Renderer</Filter>
    </ClInclude>
    <ClInclude Include="src\Platform\Vulkan\ImGui\VulkanImguiRenderer.h">
      <Filter>Platform\Vulkan\ImGui</Filter>
    </ClInclude>
    <ClInclude Include="src\Platform\Vulkan\VKGraphicsContext.h">
      <Filter>Platform\Vulkan</Filter>
    </ClInclude>
    <ClInclude Include="src\Platform\Vulkan\VulkanCommandBuffer.h">
      <Filter>Platform\Vulkan</Filter>
    </ClInclude>
    <ClInclude Include="src\Platform\Vulkan\VulkanCommandPool.h">
      <Filter>Platform\Vulkan</Filter>
    </ClInclude>
    <ClInclude Include="src\Platform\Vulkan\VulkanFramebuffer.h">
      <Filter>Platform\Vulkan</Filter>
    </ClInclude>
    <ClInclude Include="src\Platform\Vulkan\VulkanFramesHandler.h">
      <Filter>Platform\Vulkan</Filter>
    </ClInclude>
    <ClInclude Include="src\Platform\Vulkan\VulkanImage.h">
      <Filter>Platform\Vulkan</Filter>
    </ClInclude>
    <ClInclude Include="src\Platform\Vulkan\VulkanInstance.h">
      <Filter>Platform\Vulkan</Filter>
    </ClInclude>
    <ClInclude Include="src\Platform\Vulkan\VulkanLogicalDevice.h">
      <Filter>Platform\Vulkan</Filter>
    </ClInclude>
    <ClInclude Include="src\Platform\Vulkan\VulkanPhysicalDevice.h">
      <Filter>Platform\Vulkan</Filter>
    </ClInclude>
    <ClInclude Include="src\Platform\Vulkan\VulkanRenderPass.h">
      <Filter>Platform\Vulkan</Filter>
    </ClInclude>
    <ClInclude Include="src\Platform\Vulkan\VulkanRendererAPI.h">
      <Filter>Platform\Vulkan</Filter>
    </ClInclude>
    <ClInclude Include="src\Platform\Vulkan\VulkanShader.h">
      <Filter>Platform\Vulkan</Filter>
    </ClInclude>
    <ClInclude Include="src\Platform\Vulkan\VulkanShaderModule.h">
      <Filter>Platform\Vulkan</Filter>
    </ClInclude>
    <ClInclude Include="src\Platform\Vulkan\VulkanSurface.h">
      <Filter>Platform\Vulkan</Filter>
    </ClInclude>
    <ClInclude Include="src\Platform\Vulkan\VulkanSwapChain.h">
      <Filter>Platform\Vulkan</Filter>
    </ClInclude>
    <ClInclude Include="src\Platform\Windows\WindowsInput.h">
      <Filter>Platform\Windows</Filter>
    </ClInclude>
    <ClInclude Include="src\Platform\Windows\WindowsWindow.h">
      <Filter>Platform\Windows</Filter>
    </ClInclude>
    <ClInclude Include="src\clpch.h" />
  </ItemGroup>
  <ItemGroup>
    <ClCompile Include="src\Crystal\Core\Application.cpp">
      <Filter>Crystal\Core</Filter>
    </ClCompile>
    <ClCompile Include="src\Crystal\Core\Layer.cpp">
      <Filter>Crystal\Core</Filter>
    </ClCompile>
    <ClCompile Include="src\Crystal\Core\LayerStack.cpp">
      <Filter>Crystal\Core</Filter>
    </ClCompile>
    <ClCompile Include="src\Crystal\Core\Log.cpp">
      <Filter>Crystal\Core</Filter>
    </ClCompile>
    <ClCompile Include="src\Crystal\ImGui\ImGuiBuild.cpp">
      <Filter>Crystal\ImGui</Filter>
    </ClCompile>
    <ClCompile Include="src\Crystal\ImGui\ImGuiLayer.cpp">
      <Filter>Crystal\ImGui</Filter>
    </ClCompile>
    <ClCompile Include="src\Crystal\ImGui\ImGuiRenderer.cpp">
      <Filter>Crystal\ImGui</Filter>
    </ClCompile>
    <ClCompile Include="src\Crystal\Renderer\Renderer.cpp">
      <Filter>Crystal\Renderer</Filter>
    </ClCompile>
    <ClCompile Include="src\Crystal\Renderer\RendererAPI.cpp">
      <Filter>Crystal\Renderer</Filter>
    </ClCompile>
    <ClCompile Include="src\Crystal\Renderer\Shader.cpp">
      <Filter>Crystal\Renderer</Filter>
    </ClCompile>
    <ClCompile Include="src\Platform\Vulkan\ImGui\VulkanImGuiRenderer.cpp">
      <Filter>Platform\Vulkan\ImGui</Filter>
    </ClCompile>
    <ClCompile Include="src\Platform\Vulkan\VKGraphicsContext.cpp">
      <Filter>Platform\Vulkan</Filter>
    </ClCompile>
    <ClCompile Include="src\Platform\Vulkan\VulkanCommandBuffer.cpp">
      <Filter>Platform\Vulkan</Filter>
    </ClCompile>
    <ClCompile Include="src\Platform\Vulkan\VulkanCommandPool.cpp">
      <Filter>Platform\Vulkan</Filter>
    </ClCompile>
    <ClCompile Include="src\Platform\Vulkan\VulkanFramebuffer.cpp">
      <Filter>Platform\Vulkan</Filter>
    </ClCompile>
    <ClCompile Include="src\Platform\Vulkan\VulkanFramesHandler.cpp">
      <Filter>Platform\Vulkan</Filter>
    </ClCompile>
    <ClCompile Include="src\Platform\Vulkan\VulkanImage.cpp">
      <Filter>Platform\Vulkan</Filter>
    </ClCompile>
    <ClCompile Include="src\Platform\Vulkan\VulkanInstance.cpp">
      <Filter>Platform\Vulkan</Filter>
    </ClCompile>
    <ClCompile Include="src\Platform\Vulkan\VulkanLogicalDevice.cpp">
      <Filter>Platform\Vulkan</Filter>
    </ClCompile>
    <ClCompile Include="src\Platform\Vulkan\VulkanPhysicalDevice.cpp">
      <Filter>Platform\Vulkan</Filter>
    </ClCompile>
    <ClCompile Include="src\Platform\Vulkan\VulkanRenderPass.cpp">
      <Filter>Platform\Vulkan</Filter>
    </ClCompile>
    <ClCompile Include="src\Platform\Vulkan\VulkanRendererAPI.cpp">
      <Filter>Platform\Vulkan</Filter>
    </ClCompile>
    <ClCompile Include="src\Platform\Vulkan\VulkanShader.cpp">
      <Filter>Platform\Vulkan</Filter>
    </ClCompile>
    <ClCompile Include="src\Platform\Vulkan\VulkanShaderModule.cpp">
      <Filter>Platform\Vulkan</Filter>
    </ClCompile>
    <ClCompile Include="src\Platform\Vulkan\VulkanSurface.cpp">
      <Filter>Platform\Vulkan</Filter>
    </ClCompile>
    <ClCompile Include="src\Platform\Vulkan\VulkanSwapChain.cpp">
      <Filter>Platform\Vulkan</Filter>
    </ClCompile>
    <ClCompile Include="src\Platform\Windows\WindowsInput.cpp">
      <Filter>Platform\Windows</Filter>
    </ClCompile>
    <ClCompile Include="src\Platform\Windows\WindowsWindow.cpp">
      <Filter>Platform\Windows</Filter>
    </ClCompile>
    <ClCompile Include="src\clpch.cpp" />
  </ItemGroup>
</Project>